
Microsoft Visual Studio Solution File, Format Version 12.00
Project("{FAE04EC0-301F-11D3-BF4B-00C04F79EFBC}") = "Lab1Mtp", "Lab1Mtp\Lab1Mtp.csproj", "{E0ABBA53-3482-4203-BD1F-BE90FC993E34}"
EndProject
Global
	GlobalSection(SolutionConfigurationPlatforms) = preSolution
		Debug|Any CPU = Debug|Any CPU
		Release|Any CPU = Release|Any CPU
	EndGlobalSection
	GlobalSection(ProjectConfigurationPlatforms) = postSolution
		{E0ABBA53-3482-4203-BD1F-BE90FC993E34}.Debug|Any CPU.ActiveCfg = Debug|Any CPU
		{E0ABBA53-3482-4203-BD1F-BE90FC993E34}.Debug|Any CPU.Build.0 = Debug|Any CPU
		{E0ABBA53-3482-4203-BD1F-BE90FC993E34}.Release|Any CPU.ActiveCfg = Release|Any CPU
		{E0ABBA53-3482-4203-BD1F-BE90FC993E34}.Release|Any CPU.Build.0 = Release|Any CPU
	EndGlobalSection
EndGlobal
